// !$*UTF8*$!
{
	archiveVersion = 1;
	classes = {
	};
	objectVersion = 77;
	objects = {

/* Begin PBXBuildFile section */
		45720CDF2DAC3DC7006CB46E /* ninja.mtl in Resources */ = {isa = PBXBuildFile; fileRef = 45720CDD2DAC3DC7006CB46E /* ninja.mtl */; };
		45720CE02DAC3DC7006CB46E /* ninja_0.obj in Resources */ = {isa = PBXBuildFile; fileRef = 45720CDB2DAC3DC7006CB46E /* ninja_0.obj */; };
		45720CE12DAC3DC7006CB46E /* ninja_1.obj in Resources */ = {isa = PBXBuildFile; fileRef = 45720CDC2DAC3DC7006CB46E /* ninja_1.obj */; };
		45720CE52DAC3EE3006CB46E /* Renderer.mm in Sources */ = {isa = PBXBuildFile; fileRef = 45720CE32DAC3E60006CB46E /* Renderer.mm */; };
		45720CE82DAC3F55006CB46E /* Scene.mm in Sources */ = {isa = PBXBuildFile; fileRef = 45720CE72DAC3F53006CB46E /* Scene.mm */; };
		45720CEA2DAC3F64006CB46E /* Shaders.metal in Sources */ = {isa = PBXBuildFile; fileRef = 45720CE92DAC3F5E006CB46E /* Shaders.metal */; };
		45720CEE2DAC3F84006CB46E /* Transforms.mm in Sources */ = {isa = PBXBuildFile; fileRef = 45720CED2DAC3F83006CB46E /* Transforms.mm */; };
		45720CF12DAC40D5006CB46E /* MetalKit.framework in Frameworks */ = {isa = PBXBuildFile; fileRef = 45720CF02DAC40D5006CB46E /* MetalKit.framework */; };
		45720CF32DAC40E0006CB46E /* ModelIO.framework in Frameworks */ = {isa = PBXBuildFile; fileRef = 45720CF22DAC40E0006CB46E /* ModelIO.framework */; };
/* End PBXBuildFile section */

/* Begin PBXFileReference section */
		45720CC22DAC3CE6006CB46E /* RaytracingWithMotionCustom.app */ = {isa = PBXFileReference; explicitFileType = wrapper.application; includeInIndex = 0; path = RaytracingWithMotionCustom.app; sourceTree = BUILT_PRODUCTS_DIR; };
		45720CDB2DAC3DC7006CB46E /* ninja_0.obj */ = {isa = PBXFileReference; lastKnownFileType = text; path = ninja_0.obj; sourceTree = "<group>"; };
		45720CDC2DAC3DC7006CB46E /* ninja_1.obj */ = {isa = PBXFileReference; lastKnownFileType = text; path = ninja_1.obj; sourceTree = "<group>"; };
		45720CDD2DAC3DC7006CB46E /* ninja.mtl */ = {isa = PBXFileReference; lastKnownFileType = text; path = ninja.mtl; sourceTree = "<group>"; };
		45720CE22DAC3E2D006CB46E /* Renderer.h */ = {isa = PBXFileReference; lastKnownFileType = sourcecode.c.h; path = Renderer.h; sourceTree = "<group>"; };
		45720CE32DAC3E60006CB46E /* Renderer.mm */ = {isa = PBXFileReference; lastKnownFileType = sourcecode.cpp.objcpp; path = Renderer.mm; sourceTree = "<group>"; };
		45720CE62DAC3F41006CB46E /* Scene.h */ = {isa = PBXFileReference; lastKnownFileType = sourcecode.c.h; path = Scene.h; sourceTree = "<group>"; };
		45720CE72DAC3F53006CB46E /* Scene.mm */ = {isa = PBXFileReference; lastKnownFileType = sourcecode.cpp.objcpp; path = Scene.mm; sourceTree = "<group>"; };
		45720CE92DAC3F5E006CB46E /* Shaders.metal */ = {isa = PBXFileReference; lastKnownFileType = sourcecode.metal; path = Shaders.metal; sourceTree = "<group>"; };
		45720CEB2DAC3F6A006CB46E /* ShaderTypes.h */ = {isa = PBXFileReference; lastKnownFileType = sourcecode.c.h; path = ShaderTypes.h; sourceTree = "<group>"; };
		45720CEC2DAC3F75006CB46E /* Transforms.h */ = {isa = PBXFileReference; lastKnownFileType = sourcecode.c.h; path = Transforms.h; sourceTree = "<group>"; };
		45720CED2DAC3F83006CB46E /* Transforms.mm */ = {isa = PBXFileReference; lastKnownFileType = sourcecode.cpp.objcpp; path = Transforms.mm; sourceTree = "<group>"; };
		45720CF02DAC40D5006CB46E /* MetalKit.framework */ = {isa = PBXFileReference; lastKnownFileType = wrapper.framework; name = MetalKit.framework; path = System/Library/Frameworks/MetalKit.framework; sourceTree = SDKROOT; };
		45720CF22DAC40E0006CB46E /* ModelIO.framework */ = {isa = PBXFileReference; lastKnownFileType = wrapper.framework; name = ModelIO.framework; path = System/Library/Frameworks/ModelIO.framework; sourceTree = SDKROOT; };
/* End PBXFileReference section */

/* Begin PBXFileSystemSynchronizedRootGroup section */
		45720CC42DAC3CE6006CB46E /* RaytracingWithMotionCustom */ = {
			isa = PBXFileSystemSynchronizedRootGroup;
			path = RaytracingWithMotionCustom;
			sourceTree = "<group>";
		};
/* End PBXFileSystemSynchronizedRootGroup section */

/* Begin PBXFrameworksBuildPhase section */
		45720CBF2DAC3CE6006CB46E /* Frameworks */ = {
			isa = PBXFrameworksBuildPhase;
			buildActionMask = 2147483647;
			files = (
				45720CF32DAC40E0006CB46E /* ModelIO.framework in Frameworks */,
				45720CF12DAC40D5006CB46E /* MetalKit.framework in Frameworks */,
			);
			runOnlyForDeploymentPostprocessing = 0;
		};
/* End PBXFrameworksBuildPhase section */

/* Begin PBXGroup section */
		45720CB92DAC3CE6006CB46E = {
			isa = PBXGroup;
			children = (
				45720CDE2DAC3DC7006CB46E /* Ninja */,
				45720CD82DAC3D1A006CB46E /* Renderer */,
				45720CC42DAC3CE6006CB46E /* RaytracingWithMotionCustom */,
				45720CEF2DAC40D5006CB46E /* Frameworks */,
				45720CC32DAC3CE6006CB46E /* Products */,
			);
			sourceTree = "<group>";
		};
		45720CC32DAC3CE6006CB46E /* Products */ = {
			isa = PBXGroup;
			children = (
				45720CC22DAC3CE6006CB46E /* RaytracingWithMotionCustom.app */,
			);
			name = Products;
			sourceTree = "<group>";
		};
		45720CD82DAC3D1A006CB46E /* Renderer */ = {
			isa = PBXGroup;
			children = (
				45720CE22DAC3E2D006CB46E /* Renderer.h */,
				45720CE32DAC3E60006CB46E /* Renderer.mm */,
				45720CE62DAC3F41006CB46E /* Scene.h */,
				45720CE72DAC3F53006CB46E /* Scene.mm */,
				45720CE92DAC3F5E006CB46E /* Shaders.metal */,
				45720CEB2DAC3F6A006CB46E /* ShaderTypes.h */,
				45720CEC2DAC3F75006CB46E /* Transforms.h */,
				45720CED2DAC3F83006CB46E /* Transforms.mm */,
			);
			path = Renderer;
			sourceTree = "<group>";
		};
		45720CDE2DAC3DC7006CB46E /* Ninja */ = {
			isa = PBXGroup;
			children = (
				45720CDB2DAC3DC7006CB46E /* ninja_0.obj */,
				45720CDC2DAC3DC7006CB46E /* ninja_1.obj */,
				45720CDD2DAC3DC7006CB46E /* ninja.mtl */,
			);
			path = Ninja;
			sourceTree = "<group>";
		};
		45720CEF2DAC40D5006CB46E /* Frameworks */ = {
			isa = PBXGroup;
			children = (
				45720CF22DAC40E0006CB46E /* ModelIO.framework */,
				45720CF02DAC40D5006CB46E /* MetalKit.framework */,
			);
			name = Frameworks;
			sourceTree = "<group>";
		};
/* End PBXGroup section */

/* Begin PBXNativeTarget section */
		45720CC12DAC3CE6006CB46E /* RaytracingWithMotionCustom */ = {
			isa = PBXNativeTarget;
			buildConfigurationList = 45720CD52DAC3CE7006CB46E /* Build configuration list for PBXNativeTarget "RaytracingWithMotionCustom" */;
			buildPhases = (
				45720CBE2DAC3CE6006CB46E /* Sources */,
				45720CBF2DAC3CE6006CB46E /* Frameworks */,
				45720CC02DAC3CE6006CB46E /* Resources */,
			);
			buildRules = (
			);
			dependencies = (
			);
			fileSystemSynchronizedGroups = (
				45720CC42DAC3CE6006CB46E /* RaytracingWithMotionCustom */,
			);
			name = RaytracingWithMotionCustom;
			packageProductDependencies = (
			);
			productName = RaytracingWithMotionCustom;
			productReference = 45720CC22DAC3CE6006CB46E /* RaytracingWithMotionCustom.app */;
			productType = "com.apple.product-type.application";
		};
/* End PBXNativeTarget section */

/* Begin PBXProject section */
		45720CBA2DAC3CE6006CB46E /* Project object */ = {
			isa = PBXProject;
			attributes = {
				BuildIndependentTargetsInParallel = 1;
				LastUpgradeCheck = 1630;
				TargetAttributes = {
					45720CC12DAC3CE6006CB46E = {
						CreatedOnToolsVersion = 16.3;
					};
				};
			};
			buildConfigurationList = 45720CBD2DAC3CE6006CB46E /* Build configuration list for PBXProject "RaytracingWithMotionCustom" */;
			developmentRegion = en;
			hasScannedForEncodings = 0;
			knownRegions = (
				en,
				Base,
			);
			mainGroup = 45720CB92DAC3CE6006CB46E;
			minimizedProjectReferenceProxies = 1;
			preferredProjectObjectVersion = 77;
			productRefGroup = 45720CC32DAC3CE6006CB46E /* Products */;
			projectDirPath = "";
			projectRoot = "";
			targets = (
				45720CC12DAC3CE6006CB46E /* RaytracingWithMotionCustom */,
			);
		};
/* End PBXProject section */

/* Begin PBXResourcesBuildPhase section */
		45720CC02DAC3CE6006CB46E /* Resources */ = {
			isa = PBXResourcesBuildPhase;
			buildActionMask = 2147483647;
			files = (
				45720CDF2DAC3DC7006CB46E /* ninja.mtl in Resources */,
				45720CE02DAC3DC7006CB46E /* ninja_0.obj in Resources */,
				45720CE12DAC3DC7006CB46E /* ninja_1.obj in Resources */,
			);
			runOnlyForDeploymentPostprocessing = 0;
		};
/* End PBXResourcesBuildPhase section */

/* Begin PBXSourcesBuildPhase section */
		45720CBE2DAC3CE6006CB46E /* Sources */ = {
			isa = PBXSourcesBuildPhase;
			buildActionMask = 2147483647;
			files = (
				45720CEA2DAC3F64006CB46E /* Shaders.metal in Sources */,
				45720CE52DAC3EE3006CB46E /* Renderer.mm in Sources */,
				45720CE82DAC3F55006CB46E /* Scene.mm in Sources */,
				45720CEE2DAC3F84006CB46E /* Transforms.mm in Sources */,
			);
			runOnlyForDeploymentPostprocessing = 0;
		};
/* End PBXSourcesBuildPhase section */

/* Begin XCBuildConfiguration section */
		45720CD32DAC3CE7006CB46E /* Debug */ = {
			isa = XCBuildConfiguration;
			buildSettings = {
				ALWAYS_SEARCH_USER_PATHS = NO;
				ASSETCATALOG_COMPILER_GENERATE_SWIFT_ASSET_SYMBOL_EXTENSIONS = YES;
				CLANG_ANALYZER_NONNULL = YES;
				CLANG_ANALYZER_NUMBER_OBJECT_CONVERSION = YES_AGGRESSIVE;
				CLANG_CXX_LANGUAGE_STANDARD = "gnu++20";
				CLANG_ENABLE_MODULES = YES;
				CLANG_ENABLE_OBJC_ARC = YES;
				CLANG_ENABLE_OBJC_WEAK = YES;
				CLANG_WARN_BLOCK_CAPTURE_AUTORELEASING = YES;
				CLANG_WARN_BOOL_CONVERSION = YES;
				CLANG_WARN_COMMA = YES;
				CLANG_WARN_CONSTANT_CONVERSION = YES;
				CLANG_WARN_DEPRECATED_OBJC_IMPLEMENTATIONS = YES;
				CLANG_WARN_DIRECT_OBJC_ISA_USAGE = YES_ERROR;
				CLANG_WARN_DOCUMENTATION_COMMENTS = YES;
				CLANG_WARN_EMPTY_BODY = YES;
				CLANG_WARN_ENUM_CONVERSION = YES;
				CLANG_WARN_INFINITE_RECURSION = YES;
				CLANG_WARN_INT_CONVERSION = YES;
				CLANG_WARN_NON_LITERAL_NULL_CONVERSION = YES;
				CLANG_WARN_OBJC_IMPLICIT_RETAIN_SELF = YES;
				CLANG_WARN_OBJC_LITERAL_CONVERSION = YES;
				CLANG_WARN_OBJC_ROOT_CLASS = YES_ERROR;
				CLANG_WARN_QUOTED_INCLUDE_IN_FRAMEWORK_HEADER = YES;
				CLANG_WARN_RANGE_LOOP_ANALYSIS = YES;
				CLANG_WARN_STRICT_PROTOTYPES = YES;
				CLANG_WARN_SUSPICIOUS_MOVE = YES;
				CLANG_WARN_UNGUARDED_AVAILABILITY = YES_AGGRESSIVE;
				CLANG_WARN_UNREACHABLE_CODE = YES;
				CLANG_WARN__DUPLICATE_METHOD_MATCH = YES;
				COPY_PHASE_STRIP = NO;
				DEBUG_INFORMATION_FORMAT = dwarf;
				DEVELOPMENT_TEAM = 2AAR9JFLKQ;
				ENABLE_STRICT_OBJC_MSGSEND = YES;
				ENABLE_TESTABILITY = YES;
				ENABLE_USER_SCRIPT_SANDBOXING = YES;
				GCC_C_LANGUAGE_STANDARD = gnu17;
				GCC_DYNAMIC_NO_PIC = NO;
				GCC_NO_COMMON_BLOCKS = YES;
				GCC_OPTIMIZATION_LEVEL = 0;
				GCC_PREPROCESSOR_DEFINITIONS = (
					"DEBUG=1",
					"$(inherited)",
				);
				GCC_WARN_64_TO_32_BIT_CONVERSION = YES;
				GCC_WARN_ABOUT_RETURN_TYPE = YES_ERROR;
				GCC_WARN_UNDECLARED_SELECTOR = YES;
				GCC_WARN_UNINITIALIZED_AUTOS = YES_AGGRESSIVE;
				GCC_WARN_UNUSED_FUNCTION = YES;
				GCC_WARN_UNUSED_VARIABLE = YES;
				INFOPLIST_FILE = RaytracingWithMotionCustom/Info.plist;
				LOCALIZATION_PREFERS_STRING_CATALOGS = YES;
				MACOSX_DEPLOYMENT_TARGET = 15.4;
				MTL_ENABLE_DEBUG_INFO = INCLUDE_SOURCE;
				MTL_FAST_MATH = YES;
				ONLY_ACTIVE_ARCH = YES;
				PRODUCT_MODULE_NAME = RaytracingWithMotion;
				PRODUCT_NAME = RaytracingWithMotion;
				SDKROOT = macosx;
			};
			name = Debug;
		};
		45720CD42DAC3CE7006CB46E /* Release */ = {
			isa = XCBuildConfiguration;
			buildSettings = {
				ALWAYS_SEARCH_USER_PATHS = NO;
				ASSETCATALOG_COMPILER_GENERATE_SWIFT_ASSET_SYMBOL_EXTENSIONS = YES;
				CLANG_ANALYZER_NONNULL = YES;
				CLANG_ANALYZER_NUMBER_OBJECT_CONVERSION = YES_AGGRESSIVE;
				CLANG_CXX_LANGUAGE_STANDARD = "gnu++20";
				CLANG_ENABLE_MODULES = YES;
				CLANG_ENABLE_OBJC_ARC = YES;
				CLANG_ENABLE_OBJC_WEAK = YES;
				CLANG_WARN_BLOCK_CAPTURE_AUTORELEASING = YES;
				CLANG_WARN_BOOL_CONVERSION = YES;
				CLANG_WARN_COMMA = YES;
				CLANG_WARN_CONSTANT_CONVERSION = YES;
				CLANG_WARN_DEPRECATED_OBJC_IMPLEMENTATIONS = YES;
				CLANG_WARN_DIRECT_OBJC_ISA_USAGE = YES_ERROR;
				CLANG_WARN_DOCUMENTATION_COMMENTS = YES;
				CLANG_WARN_EMPTY_BODY = YES;
				CLANG_WARN_ENUM_CONVERSION = YES;
				CLANG_WARN_INFINITE_RECURSION = YES;
				CLANG_WARN_INT_CONVERSION = YES;
				CLANG_WARN_NON_LITERAL_NULL_CONVERSION = YES;
				CLANG_WARN_OBJC_IMPLICIT_RETAIN_SELF = YES;
				CLANG_WARN_OBJC_LITERAL_CONVERSION = YES;
				CLANG_WARN_OBJC_ROOT_CLASS = YES_ERROR;
				CLANG_WARN_QUOTED_INCLUDE_IN_FRAMEWORK_HEADER = YES;
				CLANG_WARN_RANGE_LOOP_ANALYSIS = YES;
				CLANG_WARN_STRICT_PROTOTYPES = YES;
				CLANG_WARN_SUSPICIOUS_MOVE = YES;
				CLANG_WARN_UNGUARDED_AVAILABILITY = YES_AGGRESSIVE;
				CLANG_WARN_UNREACHABLE_CODE = YES;
				CLANG_WARN__DUPLICATE_METHOD_MATCH = YES;
				COPY_PHASE_STRIP = NO;
				DEBUG_INFORMATION_FORMAT = "dwarf-with-dsym";
				DEVELOPMENT_TEAM = 2AAR9JFLKQ;
				ENABLE_NS_ASSERTIONS = NO;
				ENABLE_STRICT_OBJC_MSGSEND = YES;
				ENABLE_USER_SCRIPT_SANDBOXING = YES;
				GCC_C_LANGUAGE_STANDARD = gnu17;
				GCC_NO_COMMON_BLOCKS = YES;
				GCC_WARN_64_TO_32_BIT_CONVERSION = YES;
				GCC_WARN_ABOUT_RETURN_TYPE = YES_ERROR;
				GCC_WARN_UNDECLARED_SELECTOR = YES;
				GCC_WARN_UNINITIALIZED_AUTOS = YES_AGGRESSIVE;
				GCC_WARN_UNUSED_FUNCTION = YES;
				GCC_WARN_UNUSED_VARIABLE = YES;
				INFOPLIST_FILE = RaytracingWithMotionCustom/Info.plist;
				LOCALIZATION_PREFERS_STRING_CATALOGS = YES;
				MACOSX_DEPLOYMENT_TARGET = 15.4;
				MTL_ENABLE_DEBUG_INFO = NO;
				MTL_FAST_MATH = YES;
				PRODUCT_MODULE_NAME = RaytracingWithMotion;
				PRODUCT_NAME = RaytracingWithMotion;
				SDKROOT = macosx;
			};
			name = Release;
		};
		45720CD62DAC3CE7006CB46E /* Debug */ = {
			isa = XCBuildConfiguration;
			buildSettings = {
				ASSETCATALOG_COMPILER_APPICON_NAME = AppIcon;
				ASSETCATALOG_COMPILER_GLOBAL_ACCENT_COLOR_NAME = AccentColor;
				CODE_SIGN_ENTITLEMENTS = RaytracingWithMotionCustom/RaytracingWithMotionCustom.entitlements;
				CODE_SIGN_STYLE = Automatic;
				COMBINE_HIDPI_IMAGES = YES;
				CURRENT_PROJECT_VERSION = 1;
				DEVELOPMENT_TEAM = 2AAR9JFLKQ;
				ENABLE_HARDENED_RUNTIME = YES;
				GENERATE_INFOPLIST_FILE = YES;
				INFOPLIST_KEY_NSHumanReadableCopyright = "";
				INFOPLIST_KEY_NSMainStoryboardFile = Main;
				INFOPLIST_KEY_NSPrincipalClass = NSApplication;
				LD_RUNPATH_SEARCH_PATHS = (
					"$(inherited)",
					"@executable_path/../Frameworks",
				);
				MARKETING_VERSION = 1.0;
				PRODUCT_BUNDLE_IDENTIFIER = me.mycompany.RaytracingWithMotionCustom;
				PRODUCT_NAME = "$(TARGET_NAME)";
				REGISTER_APP_GROUPS = YES;
				SWIFT_EMIT_LOC_STRINGS = YES;
			};
			name = Debug;
		};
		45720CD72DAC3CE7006CB46E /* Release */ = {
			isa = XCBuildConfiguration;
			buildSettings = {
				ASSETCATALOG_COMPILER_APPICON_NAME = AppIcon;
				ASSETCATALOG_COMPILER_GLOBAL_ACCENT_COLOR_NAME = AccentColor;
				CODE_SIGN_ENTITLEMENTS = RaytracingWithMotionCustom/RaytracingWithMotionCustom.entitlements;
				CODE_SIGN_STYLE = Automatic;
				COMBINE_HIDPI_IMAGES = YES;
				CURRENT_PROJECT_VERSION = 1;
				DEVELOPMENT_TEAM = 2AAR9JFLKQ;
				ENABLE_HARDENED_RUNTIME = YES;
				GENERATE_INFOPLIST_FILE = YES;
				INFOPLIST_KEY_NSHumanReadableCopyright = "";
				INFOPLIST_KEY_NSMainStoryboardFile = Main;
				INFOPLIST_KEY_NSPrincipalClass = NSApplication;
				LD_RUNPATH_SEARCH_PATHS = (
					"$(inherited)",
					"@executable_path/../Frameworks",
				);
				MARKETING_VERSION = 1.0;
				PRODUCT_BUNDLE_IDENTIFIER = me.mycompany.RaytracingWithMotionCustom;
				PRODUCT_NAME = "$(TARGET_NAME)";
				REGISTER_APP_GROUPS = YES;
				SWIFT_EMIT_LOC_STRINGS = YES;
			};
			name = Release;
		};
/* End XCBuildConfiguration section */

/* Begin XCConfigurationList section */
		45720CBD2DAC3CE6006CB46E /* Build configuration list for PBXProject "RaytracingWithMotionCustom" */ = {
			isa = XCConfigurationList;
			buildConfigurations = (
				45720CD32DAC3CE7006CB46E /* Debug */,
				45720CD42DAC3CE7006CB46E /* Release */,
			);
			defaultConfigurationIsVisible = 0;
			defaultConfigurationName = Release;
		};
		45720CD52DAC3CE7006CB46E /* Build configuration list for PBXNativeTarget "RaytracingWithMotionCustom" */ = {
			isa = XCConfigurationList;
			buildConfigurations = (
				45720CD62DAC3CE7006CB46E /* Debug */,
				45720CD72DAC3CE7006CB46E /* Release */,
			);
			defaultConfigurationIsVisible = 0;
			defaultConfigurationName = Release;
		};
/* End XCConfigurationList section */
	};
	rootObject = 45720CBA2DAC3CE6006CB46E /* Project object */;
}
